
Microsoft Visual Studio Solution File, Format Version 10.00
# Visual C# Express 2008
Project("{FAE04EC0-301F-11D3-BF4B-00C04F79EFBC}") = "CANMon", "CANMon\CANMon.csproj", "{3C27D608-1103-4B47-AAC8-8D93DD3428EE}"
EndProject
Global
	GlobalSection(SolutionConfigurationPlatforms) = preSolution
		Debug|Any CPU = Debug|Any CPU
		Release|Any CPU = Release|Any CPU
	EndGlobalSection
	GlobalSection(ProjectConfigurationPlatforms) = postSolution
		{3C27D608-1103-4B47-AAC8-8D93DD3428EE}.Debug|Any CPU.ActiveCfg = Debug|Any CPU
		{3C27D608-1103-4B47-AAC8-8D93DD3428EE}.Debug|Any CPU.Build.0 = Debug|Any CPU
		{3C27D608-1103-4B47-AAC8-8D93DD3428EE}.Release|Any CPU.ActiveCfg = Release|Any CPU
		{3C27D608-1103-4B47-AAC8-8D93DD3428EE}.Release|Any CPU.Build.0 = Release|Any CPU
	EndGlobalSection
	GlobalSection(SolutionProperties) = preSolution
		HideSolutionNode = FALSE
	EndGlobalSection
EndGlobal
